
Microsoft Visual Studio Solution File, Format Version 12.00
# Visual Studio Version 17
VisualStudioVersion = 17.11.35222.181
MinimumVisualStudioVersion = 10.0.40219.1
Project("{FAE04EC0-301F-11D3-BF4B-00C04F79EFBC}") = "School Exam System", "School Exam System.csproj", "{EDB726EF-1EFF-42D0-A27C-548A8184F05C}"
EndProject
Global
	GlobalSection(SolutionConfigurationPlatforms) = preSolution
		Debug|Any CPU = Debug|Any CPU
		Release|Any CPU = Release|Any CPU
	EndGlobalSection
	GlobalSection(ProjectConfigurationPlatforms) = postSolution
		{EDB726EF-1EFF-42D0-A27C-548A8184F05C}.Debug|Any CPU.ActiveCfg = Debug|Any CPU
		{EDB726EF-1EFF-42D0-A27C-548A8184F05C}.Debug|Any CPU.Build.0 = Debug|Any CPU
		{EDB726EF-1EFF-42D0-A27C-548A8184F05C}.Release|Any CPU.ActiveCfg = Release|Any CPU
		{EDB726EF-1EFF-42D0-A27C-548A8184F05C}.Release|Any CPU.Build.0 = Release|Any CPU
	EndGlobalSection
	GlobalSection(SolutionProperties) = preSolution
		HideSolutionNode = FALSE
	EndGlobalSection
	GlobalSection(ExtensibilityGlobals) = postSolution
		SolutionGuid = {F7E3C076-B3AF-4EDF-AF33-66A47523EDE2}
	EndGlobalSection
EndGlobal
